
Microsoft Visual Studio Solution File, Format Version 12.00
# Visual Studio Version 17
VisualStudioVersion = 17.0.31903.59
MinimumVisualStudioVersion = 10.0.40219.1
Project("{2150E333-8FDC-42A3-9474-1A3956D46DE8}") = "src", "src", "{827E0CD3-B72D-47B6-A68D-7590B98EB39B}"
EndProject
Project("{FAE04EC0-301F-11D3-BF4B-00C04F79EFBC}") = "Rtfm.Core", "src\Rtfm.Core\Rtfm.Core.csproj", "{A03C5E46-EFAA-4F90-B436-E9BE76F32636}"
EndProject
Project("{FAE04EC0-301F-11D3-BF4B-00C04F79EFBC}") = "Rtfm.Infrastructure", "src\Rtfm.Infrastructure\Rtfm.Infrastructure.csproj", "{BC35E868-7566-46D3-8B9D-8E0C2E5C0855}"
EndProject
Project("{FAE04EC0-301F-11D3-BF4B-00C04F79EFBC}") = "Rtfm.Api", "src\Rtfm.Api\Rtfm.Api.csproj", "{6E4A7758-E779-45BE-8C55-B72898E9338E}"
EndProject
Project("{FAE04EC0-301F-11D3-BF4B-00C04F79EFBC}") = "Rtfm.Tests", "tests\Rtfm.Tests\Rtfm.Tests.csproj", "{A8A00687-C603-473F-BC52-847E298F13DD}"
EndProject
Project("{FAE04EC0-301F-11D3-BF4B-00C04F79EFBC}") = "Rtfm.IntegrationTests", "tests\Rtfm.IntegrationTests\Rtfm.IntegrationTests.csproj", "{6D1B8D72-C38F-4CEB-9D0C-F0297AFCF0FC}"
EndProject
Global
	GlobalSection(SolutionConfigurationPlatforms) = preSolution
		Debug|Any CPU = Debug|Any CPU
		Debug|x64 = Debug|x64
		Debug|x86 = Debug|x86
		Release|Any CPU = Release|Any CPU
		Release|x64 = Release|x64
		Release|x86 = Release|x86
	EndGlobalSection
	GlobalSection(ProjectConfigurationPlatforms) = postSolution
		{A03C5E46-EFAA-4F90-B436-E9BE76F32636}.Debug|Any CPU.ActiveCfg = Debug|Any CPU
		{A03C5E46-EFAA-4F90-B436-E9BE76F32636}.Debug|Any CPU.Build.0 = Debug|Any CPU
		{A03C5E46-EFAA-4F90-B436-E9BE76F32636}.Debug|x64.ActiveCfg = Debug|Any CPU
		{A03C5E46-EFAA-4F90-B436-E9BE76F32636}.Debug|x64.Build.0 = Debug|Any CPU
		{A03C5E46-EFAA-4F90-B436-E9BE76F32636}.Debug|x86.ActiveCfg = Debug|Any CPU
		{A03C5E46-EFAA-4F90-B436-E9BE76F32636}.Debug|x86.Build.0 = Debug|Any CPU
		{A03C5E46-EFAA-4F90-B436-E9BE76F32636}.Release|Any CPU.ActiveCfg = Release|Any CPU
		{A03C5E46-EFAA-4F90-B436-E9BE76F32636}.Release|Any CPU.Build.0 = Release|Any CPU
		{A03C5E46-EFAA-4F90-B436-E9BE76F32636}.Release|x64.ActiveCfg = Release|Any CPU
		{A03C5E46-EFAA-4F90-B436-E9BE76F32636}.Release|x64.Build.0 = Release|Any CPU
		{A03C5E46-EFAA-4F90-B436-E9BE76F32636}.Release|x86.ActiveCfg = Release|Any CPU
		{A03C5E46-EFAA-4F90-B436-E9BE76F32636}.Release|x86.Build.0 = Release|Any CPU
		{BC35E868-7566-46D3-8B9D-8E0C2E5C0855}.Debug|Any CPU.ActiveCfg = Debug|Any CPU
		{BC35E868-7566-46D3-8B9D-8E0C2E5C0855}.Debug|Any CPU.Build.0 = Debug|Any CPU
		{BC35E868-7566-46D3-8B9D-8E0C2E5C0855}.Debug|x64.ActiveCfg = Debug|Any CPU
		{BC35E868-7566-46D3-8B9D-8E0C2E5C0855}.Debug|x64.Build.0 = Debug|Any CPU
		{BC35E868-7566-46D3-8B9D-8E0C2E5C0855}.Debug|x86.ActiveCfg = Debug|Any CPU
		{BC35E868-7566-46D3-8B9D-8E0C2E5C0855}.Debug|x86.Build.0 = Debug|Any CPU
		{BC35E868-7566-46D3-8B9D-8E0C2E5C0855}.Release|Any CPU.ActiveCfg = Release|Any CPU
		{BC35E868-7566-46D3-8B9D-8E0C2E5C0855}.Release|Any CPU.Build.0 = Release|Any CPU
		{BC35E868-7566-46D3-8B9D-8E0C2E5C0855}.Release|x64.ActiveCfg = Release|Any CPU
		{BC35E868-7566-46D3-8B9D-8E0C2E5C0855}.Release|x64.Build.0 = Release|Any CPU
		{BC35E868-7566-46D3-8B9D-8E0C2E5C0855}.Release|x86.ActiveCfg = Release|Any CPU
		{BC35E868-7566-46D3-8B9D-8E0C2E5C0855}.Release|x86.Build.0 = Release|Any CPU
		{6E4A7758-E779-45BE-8C55-B72898E9338E}.Debug|Any CPU.ActiveCfg = Debug|Any CPU
		{6E4A7758-E779-45BE-8C55-B72898E9338E}.Debug|Any CPU.Build.0 = Debug|Any CPU
		{6E4A7758-E779-45BE-8C55-B72898E9338E}.Debug|x64.ActiveCfg = Debug|Any CPU
		{6E4A7758-E779-45BE-8C55-B72898E9338E}.Debug|x64.Build.0 = Debug|Any CPU
		{6E4A7758-E779-45BE-8C55-B72898E9338E}.Debug|x86.ActiveCfg = Debug|Any CPU
		{6E4A7758-E779-45BE-8C55-B72898E9338E}.Debug|x86.Build.0 = Debug|Any CPU
		{6E4A7758-E779-45BE-8C55-B72898E9338E}.Release|Any CPU.ActiveCfg = Release|Any CPU
		{6E4A7758-E779-45BE-8C55-B72898E9338E}.Release|Any CPU.Build.0 = Release|Any CPU
		{6E4A7758-E779-45BE-8C55-B72898E9338E}.Release|x64.ActiveCfg = Release|Any CPU
		{6E4A7758-E779-45BE-8C55-B72898E9338E}.Release|x64.Build.0 = Release|Any CPU
		{6E4A7758-E779-45BE-8C55-B72898E9338E}.Release|x86.ActiveCfg = Release|Any CPU
		{6E4A7758-E779-45BE-8C55-B72898E9338E}.Release|x86.Build.0 = Release|Any CPU
		{A8A00687-C603-473F-BC52-847E298F13DD}.Debug|Any CPU.ActiveCfg = Debug|Any CPU
		{A8A00687-C603-473F-BC52-847E298F13DD}.Debug|Any CPU.Build.0 = Debug|Any CPU
		{A8A00687-C603-473F-BC52-847E298F13DD}.Debug|x64.ActiveCfg = Debug|Any CPU
		{A8A00687-C603-473F-BC52-847E298F13DD}.Debug|x64.Build.0 = Debug|Any CPU
		{A8A00687-C603-473F-BC52-847E298F13DD}.Debug|x86.ActiveCfg = Debug|Any CPU
		{A8A00687-C603-473F-BC52-847E298F13DD}.Debug|x86.Build.0 = Debug|Any CPU
		{A8A00687-C603-473F-BC52-847E298F13DD}.Release|Any CPU.ActiveCfg = Release|Any CPU
		{A8A00687-C603-473F-BC52-847E298F13DD}.Release|Any CPU.Build.0 = Release|Any CPU
		{A8A00687-C603-473F-BC52-847E298F13DD}.Release|x64.ActiveCfg = Release|Any CPU
		{A8A00687-C603-473F-BC52-847E298F13DD}.Release|x64.Build.0 = Release|Any CPU
		{A8A00687-C603-473F-BC52-847E298F13DD}.Release|x86.ActiveCfg = Release|Any CPU
		{A8A00687-C603-473F-BC52-847E298F13DD}.Release|x86.Build.0 = Release|Any CPU
		{6D1B8D72-C38F-4CEB-9D0C-F0297AFCF0FC}.Debug|Any CPU.ActiveCfg = Debug|Any CPU
		{6D1B8D72-C38F-4CEB-9D0C-F0297AFCF0FC}.Debug|Any CPU.Build.0 = Debug|Any CPU
		{6D1B8D72-C38F-4CEB-9D0C-F0297AFCF0FC}.Debug|x64.ActiveCfg = Debug|Any CPU
		{6D1B8D72-C38F-4CEB-9D0C-F0297AFCF0FC}.Debug|x64.Build.0 = Debug|Any CPU
		{6D1B8D72-C38F-4CEB-9D0C-F0297AFCF0FC}.Debug|x86.ActiveCfg = Debug|Any CPU
		{6D1B8D72-C38F-4CEB-9D0C-F0297AFCF0FC}.Debug|x86.Build.0 = Debug|Any CPU
		{6D1B8D72-C38F-4CEB-9D0C-F0297AFCF0FC}.Release|Any CPU.ActiveCfg = Release|Any CPU
		{6D1B8D72-C38F-4CEB-9D0C-F0297AFCF0FC}.Release|Any CPU.Build.0 = Release|Any CPU
		{6D1B8D72-C38F-4CEB-9D0C-F0297AFCF0FC}.Release|x64.ActiveCfg = Release|Any CPU
		{6D1B8D72-C38F-4CEB-9D0C-F0297AFCF0FC}.Release|x64.Build.0 = Release|Any CPU
		{6D1B8D72-C38F-4CEB-9D0C-F0297AFCF0FC}.Release|x86.ActiveCfg = Release|Any CPU
		{6D1B8D72-C38F-4CEB-9D0C-F0297AFCF0FC}.Release|x86.Build.0 = Release|Any CPU
	EndGlobalSection
	GlobalSection(SolutionProperties) = preSolution
		HideSolutionNode = FALSE
	EndGlobalSection
	GlobalSection(NestedProjects) = preSolution
		{A03C5E46-EFAA-4F90-B436-E9BE76F32636} = {827E0CD3-B72D-47B6-A68D-7590B98EB39B}
		{BC35E868-7566-46D3-8B9D-8E0C2E5C0855} = {827E0CD3-B72D-47B6-A68D-7590B98EB39B}
		{6E4A7758-E779-45BE-8C55-B72898E9338E} = {827E0CD3-B72D-47B6-A68D-7590B98EB39B}
		{A8A00687-C603-473F-BC52-847E298F13DD} = {827E0CD3-B72D-47B6-A68D-7590B98EB39B}
		{6D1B8D72-C38F-4CEB-9D0C-F0297AFCF0FC} = {827E0CD3-B72D-47B6-A68D-7590B98EB39B}
	EndGlobalSection
EndGlobal
